<Solution>
  <Folder Name="/src/">
    <Project Path="src/LocationSearch.Api/LocationSearch.Api.csproj" />
  </Folder>
  <Folder Name="/src/Modules/">
    <Project Path="src/Modules/AgentCore/AgentCore.csproj" />
    <Project Path="src/Modules/Places/Places.csproj" />
    <Project Path="src/Modules/Reviews/Reviews.csproj" />
    <Project Path="src/Modules/Sandbox/Sandbox.csproj" />
    <Project Path="src/Modules/Search/Search.csproj" />
    <Project Path="src/Modules/Users/Users.csproj" />
  </Folder>
  <Folder Name="/tests/" />
  <Folder Name="/tests/Modules/">
    <Project Path="tests/Modules/AgentCore.Tests/AgentCore.Tests.csproj" />
  </Folder>
</Solution>
